
Microsoft Visual Studio Solution File, Format Version 12.00
# Visual Studio Version 17
VisualStudioVersion = 17.11.35327.3
MinimumVisualStudioVersion = 10.0.40219.1
Project("{FAE04EC0-301F-11D3-BF4B-00C04F79EFBC}") = "RPS_Emir_Yavuz", "RPS_Emir_Yavuz\RPS_Emir_Yavuz.csproj", "{D20D39AA-9E4E-41C7-A91C-010ACD9AFDDB}"
EndProject
Global
	GlobalSection(SolutionConfigurationPlatforms) = preSolution
		Debug|Any CPU = Debug|Any CPU
		Release|Any CPU = Release|Any CPU
	EndGlobalSection
	GlobalSection(ProjectConfigurationPlatforms) = postSolution
		{D20D39AA-9E4E-41C7-A91C-010ACD9AFDDB}.Debug|Any CPU.ActiveCfg = Debug|Any CPU
		{D20D39AA-9E4E-41C7-A91C-010ACD9AFDDB}.Debug|Any CPU.Build.0 = Debug|Any CPU
		{D20D39AA-9E4E-41C7-A91C-010ACD9AFDDB}.Release|Any CPU.ActiveCfg = Release|Any CPU
		{D20D39AA-9E4E-41C7-A91C-010ACD9AFDDB}.Release|Any CPU.Build.0 = Release|Any CPU
	EndGlobalSection
	GlobalSection(SolutionProperties) = preSolution
		HideSolutionNode = FALSE
	EndGlobalSection
	GlobalSection(ExtensibilityGlobals) = postSolution
		SolutionGuid = {14CF6B07-B21D-4B3F-B490-9575A7FECE0B}
	EndGlobalSection
EndGlobal
